<?xml version="1.0" encoding="UTF-8" standalone="yes" ?>
<CodeBlocks_project_file>
	<FileVersion major="1" minor="6" />
	<Project>
		<Option title="TPI V1" />
		<Option pch_mode="2" />
		<Option compiler="gcc" />
		<Option virtualFolders="clases/;clases/configuracion/;clases/manager/;clases/menu/;clases/suscriptor/;clases/suscriptor/archivos/;clases/fecha/;clases/cancion/;clases/cancion/archivo/;clases/acceso/;clases/acceso/archivo/;clases/artista/;clases/manager/subscriptores/;clases/manager/canciones/;clases/manager/accesos/;clases/manager/artista/;clases/artista/archivo/;clases/reportes/;clases/arrayUtils/;clases/userAcces/" />
		<Build>
			<Target title="Debug">
				<Option output="bin/Debug/TPI V1" prefix_auto="1" extension_auto="1" />
				<Option object_output="obj/Debug/" />
				<Option type="1" />
				<Option compiler="gcc" />
				<Compiler>
					<Add option="-g" />
					<Add directory="include" />
				</Compiler>
			</Target>
			<Target title="Release">
				<Option output="bin/Release/TPI V1" prefix_auto="1" extension_auto="1" />
				<Option object_output="obj/Release/" />
				<Option type="1" />
				<Option compiler="gcc" />
				<Compiler>
					<Add option="-O2" />
					<Add directory="include" />
				</Compiler>
				<Linker>
					<Add option="-s" />
				</Linker>
			</Target>
		</Build>
		<Compiler>
			<Add option="-Wall" />
			<Add option="-fexceptions" />
		</Compiler>
		<Unit filename="acceso.cpp">
			<Option virtualFolder="clases/acceso/" />
		</Unit>
		<Unit filename="acceso.h">
			<Option virtualFolder="clases/acceso/" />
		</Unit>
		<Unit filename="admin.h">
			<Option virtualFolder="clases/userAcces/" />
		</Unit>
		<Unit filename="archivoAcceso.cpp">
			<Option virtualFolder="clases/acceso/archivo/" />
		</Unit>
		<Unit filename="archivoAcceso.h">
			<Option virtualFolder="clases/acceso/archivo/" />
		</Unit>
		<Unit filename="archivoArtista.cpp">
			<Option virtualFolder="clases/artista/archivo/" />
		</Unit>
		<Unit filename="archivoArtista.h">
			<Option virtualFolder="clases/artista/archivo/" />
		</Unit>
		<Unit filename="archivosCancion.cpp">
			<Option virtualFolder="clases/cancion/archivo/" />
		</Unit>
		<Unit filename="archivosCancion.h">
			<Option virtualFolder="clases/cancion/archivo/" />
		</Unit>
		<Unit filename="archivosSuscriptor.cpp">
			<Option virtualFolder="clases/suscriptor/archivos/" />
		</Unit>
		<Unit filename="archivosSuscriptor.h">
			<Option virtualFolder="clases/suscriptor/archivos/" />
		</Unit>
		<Unit filename="arrayUtils.cpp">
			<Option virtualFolder="clases/arrayUtils/" />
		</Unit>
		<Unit filename="arrayUtils.h">
			<Option virtualFolder="clases/arrayUtils/" />
		</Unit>
		<Unit filename="artista.cpp">
			<Option virtualFolder="clases/artista/" />
		</Unit>
		<Unit filename="artista.h">
			<Option virtualFolder="clases/artista/" />
		</Unit>
		<Unit filename="cancion.cpp">
			<Option virtualFolder="clases/cancion/" />
		</Unit>
		<Unit filename="cancion.h">
			<Option virtualFolder="clases/cancion/" />
		</Unit>
		<Unit filename="coco funciones.txt" />
		<Unit filename="exports/artistas.csv" />
		<Unit filename="exports/canciones.csv" />
		<Unit filename="exports/historiales.csv" />
		<Unit filename="exports/subscriptores.csv" />
		<Unit filename="fecha.cpp">
			<Option virtualFolder="clases/fecha/" />
		</Unit>
		<Unit filename="fecha.h">
			<Option virtualFolder="clases/fecha/" />
		</Unit>
		<Unit filename="lista de accesos.dat" />
		<Unit filename="lista de artista.dat" />
		<Unit filename="lista de canciones.dat" />
		<Unit filename="lista de subscriptores.dat" />
		<Unit filename="main.cpp" />
		<Unit filename="managerAcceso.cpp">
			<Option virtualFolder="clases/manager/accesos/" />
		</Unit>
		<Unit filename="managerAcceso.h">
			<Option virtualFolder="clases/manager/accesos/" />
		</Unit>
		<Unit filename="managerArtista.cpp">
			<Option virtualFolder="clases/manager/artista/" />
		</Unit>
		<Unit filename="managerArtista.h">
			<Option virtualFolder="clases/manager/artista/" />
		</Unit>
		<Unit filename="managerCanciones.cpp">
			<Option virtualFolder="clases/manager/canciones/" />
		</Unit>
		<Unit filename="managerCanciones.h">
			<Option virtualFolder="clases/manager/canciones/" />
		</Unit>
		<Unit filename="managerConfiguracion.cpp">
			<Option virtualFolder="clases/configuracion/" />
		</Unit>
		<Unit filename="managerConfiguracion.h">
			<Option virtualFolder="clases/configuracion/" />
		</Unit>
		<Unit filename="managerSubscriptore.cpp">
			<Option virtualFolder="clases/manager/subscriptores/" />
		</Unit>
		<Unit filename="managerSubscriptore.h">
			<Option virtualFolder="clases/manager/subscriptores/" />
		</Unit>
		<Unit filename="menu.cpp">
			<Option virtualFolder="clases/menu/" />
		</Unit>
		<Unit filename="menu.h">
			<Option virtualFolder="clases/menu/" />
		</Unit>
		<Unit filename="reporte.cpp">
			<Option virtualFolder="clases/reportes/" />
		</Unit>
		<Unit filename="reporte.h">
			<Option virtualFolder="clases/reportes/" />
		</Unit>
		<Unit filename="rlutils.h" />
		<Unit filename="suscriptor.cpp">
			<Option virtualFolder="clases/suscriptor/" />
		</Unit>
		<Unit filename="suscriptor.h">
			<Option virtualFolder="clases/suscriptor/" />
		</Unit>
		<Unit filename="userAccess.cpp">
			<Option virtualFolder="clases/userAcces/" />
		</Unit>
		<Unit filename="userAccess.h">
			<Option virtualFolder="clases/userAcces/" />
		</Unit>
		<Extensions />
	</Project>
</CodeBlocks_project_file>
